
Microsoft Visual Studio Solution File, Format Version 12.00
# Visual Studio 15
VisualStudioVersion = 15.0.26228.9
MinimumVisualStudioVersion = 10.0.40219.1
Project("{2150E333-8FDC-42A3-9474-1A3956D46DE8}") = "src", "src", "{F2CA40C4-1D49-48F1-9C92-D3358D915F96}"
EndProject
Project("{2150E333-8FDC-42A3-9474-1A3956D46DE8}") = "Solution Items", "Solution Items", "{55AEEFC9-502E-461A-A11D-A969E703DD6F}"
EndProject
Project("{9A19103F-16F7-4668-BE54-9A1E7A4F7556}") = "Middleware", "src\Middleware\Middleware.csproj", "{D358B584-91F5-436C-8CDF-7A77A423DD3C}"
EndProject
Project("{9A19103F-16F7-4668-BE54-9A1E7A4F7556}") = "Configuration", "src\Configuration\Configuration.csproj", "{2C43A628-264B-4498-B1A3-28867A1DE448}"
EndProject
Project("{9A19103F-16F7-4668-BE54-9A1E7A4F7556}") = "Controllers", "src\Controllers\Controllers.csproj", "{3F5E6016-DB57-4C2A-B77B-091069946039}"
EndProject
Project("{9A19103F-16F7-4668-BE54-9A1E7A4F7556}") = "Movies", "src\Movies\Movies.csproj", "{B0817749-9603-42E6-AD0D-7B474614F200}"
EndProject
Project("{9A19103F-16F7-4668-BE54-9A1E7A4F7556}") = "ProtectStatic", "src\ProtectStatic\ProtectStatic.csproj", "{0A4A48F3-E4BA-448A-A3EB-72BE32E3FE63}"
EndProject
Project("{9A19103F-16F7-4668-BE54-9A1E7A4F7556}") = "WorkingMvc6", "src\WorkingMvc6\WorkingMvc6.csproj", "{5F0C8D0D-5A9B-4831-B60D-B7AEA5FB4FD2}"
EndProject
Project("{9A19103F-16F7-4668-BE54-9A1E7A4F7556}") = "Empty", "src\Empty\Empty.csproj", "{26383458-CD7E-46C5-BE8D-7137A7897E8B}"
EndProject
Project("{9A19103F-16F7-4668-BE54-9A1E7A4F7556}") = "WebApplication", "src\WebApplication\WebApplication.csproj", "{0B9503BE-56A2-40BC-8F91-FAC28D9D8AE9}"
EndProject
Project("{9A19103F-16F7-4668-BE54-9A1E7A4F7556}") = "WebApi", "src\WebApi\WebApi.csproj", "{2CCF41A4-3A77-4ABB-84E9-3E0BE797393C}"
EndProject
Global
	GlobalSection(SolutionConfigurationPlatforms) = preSolution
		Debug|Any CPU = Debug|Any CPU
		Release|Any CPU = Release|Any CPU
	EndGlobalSection
	GlobalSection(ProjectConfigurationPlatforms) = postSolution
		{D358B584-91F5-436C-8CDF-7A77A423DD3C}.Debug|Any CPU.ActiveCfg = Debug|Any CPU
		{D358B584-91F5-436C-8CDF-7A77A423DD3C}.Debug|Any CPU.Build.0 = Debug|Any CPU
		{D358B584-91F5-436C-8CDF-7A77A423DD3C}.Release|Any CPU.ActiveCfg = Release|Any CPU
		{D358B584-91F5-436C-8CDF-7A77A423DD3C}.Release|Any CPU.Build.0 = Release|Any CPU
		{2C43A628-264B-4498-B1A3-28867A1DE448}.Debug|Any CPU.ActiveCfg = Debug|Any CPU
		{2C43A628-264B-4498-B1A3-28867A1DE448}.Debug|Any CPU.Build.0 = Debug|Any CPU
		{2C43A628-264B-4498-B1A3-28867A1DE448}.Release|Any CPU.ActiveCfg = Release|Any CPU
		{2C43A628-264B-4498-B1A3-28867A1DE448}.Release|Any CPU.Build.0 = Release|Any CPU
		{3F5E6016-DB57-4C2A-B77B-091069946039}.Debug|Any CPU.ActiveCfg = Debug|Any CPU
		{3F5E6016-DB57-4C2A-B77B-091069946039}.Debug|Any CPU.Build.0 = Debug|Any CPU
		{3F5E6016-DB57-4C2A-B77B-091069946039}.Release|Any CPU.ActiveCfg = Release|Any CPU
		{3F5E6016-DB57-4C2A-B77B-091069946039}.Release|Any CPU.Build.0 = Release|Any CPU
		{B0817749-9603-42E6-AD0D-7B474614F200}.Debug|Any CPU.ActiveCfg = Debug|Any CPU
		{B0817749-9603-42E6-AD0D-7B474614F200}.Debug|Any CPU.Build.0 = Debug|Any CPU
		{B0817749-9603-42E6-AD0D-7B474614F200}.Release|Any CPU.ActiveCfg = Release|Any CPU
		{B0817749-9603-42E6-AD0D-7B474614F200}.Release|Any CPU.Build.0 = Release|Any CPU
		{0A4A48F3-E4BA-448A-A3EB-72BE32E3FE63}.Debug|Any CPU.ActiveCfg = Debug|Any CPU
		{0A4A48F3-E4BA-448A-A3EB-72BE32E3FE63}.Debug|Any CPU.Build.0 = Debug|Any CPU
		{0A4A48F3-E4BA-448A-A3EB-72BE32E3FE63}.Release|Any CPU.ActiveCfg = Release|Any CPU
		{0A4A48F3-E4BA-448A-A3EB-72BE32E3FE63}.Release|Any CPU.Build.0 = Release|Any CPU
		{5F0C8D0D-5A9B-4831-B60D-B7AEA5FB4FD2}.Debug|Any CPU.ActiveCfg = Debug|Any CPU
		{5F0C8D0D-5A9B-4831-B60D-B7AEA5FB4FD2}.Debug|Any CPU.Build.0 = Debug|Any CPU
		{5F0C8D0D-5A9B-4831-B60D-B7AEA5FB4FD2}.Release|Any CPU.ActiveCfg = Release|Any CPU
		{5F0C8D0D-5A9B-4831-B60D-B7AEA5FB4FD2}.Release|Any CPU.Build.0 = Release|Any CPU
		{26383458-CD7E-46C5-BE8D-7137A7897E8B}.Debug|Any CPU.ActiveCfg = Debug|Any CPU
		{26383458-CD7E-46C5-BE8D-7137A7897E8B}.Debug|Any CPU.Build.0 = Debug|Any CPU
		{26383458-CD7E-46C5-BE8D-7137A7897E8B}.Release|Any CPU.ActiveCfg = Release|Any CPU
		{26383458-CD7E-46C5-BE8D-7137A7897E8B}.Release|Any CPU.Build.0 = Release|Any CPU
		{0B9503BE-56A2-40BC-8F91-FAC28D9D8AE9}.Debug|Any CPU.ActiveCfg = Debug|Any CPU
		{0B9503BE-56A2-40BC-8F91-FAC28D9D8AE9}.Debug|Any CPU.Build.0 = Debug|Any CPU
		{0B9503BE-56A2-40BC-8F91-FAC28D9D8AE9}.Release|Any CPU.ActiveCfg = Release|Any CPU
		{0B9503BE-56A2-40BC-8F91-FAC28D9D8AE9}.Release|Any CPU.Build.0 = Release|Any CPU
		{2CCF41A4-3A77-4ABB-84E9-3E0BE797393C}.Debug|Any CPU.ActiveCfg = Debug|Any CPU
		{2CCF41A4-3A77-4ABB-84E9-3E0BE797393C}.Debug|Any CPU.Build.0 = Debug|Any CPU
		{2CCF41A4-3A77-4ABB-84E9-3E0BE797393C}.Release|Any CPU.ActiveCfg = Release|Any CPU
		{2CCF41A4-3A77-4ABB-84E9-3E0BE797393C}.Release|Any CPU.Build.0 = Release|Any CPU
	EndGlobalSection
	GlobalSection(SolutionProperties) = preSolution
		HideSolutionNode = FALSE
	EndGlobalSection
	GlobalSection(NestedProjects) = preSolution
		{D358B584-91F5-436C-8CDF-7A77A423DD3C} = {F2CA40C4-1D49-48F1-9C92-D3358D915F96}
		{2C43A628-264B-4498-B1A3-28867A1DE448} = {F2CA40C4-1D49-48F1-9C92-D3358D915F96}
		{3F5E6016-DB57-4C2A-B77B-091069946039} = {F2CA40C4-1D49-48F1-9C92-D3358D915F96}
		{B0817749-9603-42E6-AD0D-7B474614F200} = {F2CA40C4-1D49-48F1-9C92-D3358D915F96}
		{0A4A48F3-E4BA-448A-A3EB-72BE32E3FE63} = {F2CA40C4-1D49-48F1-9C92-D3358D915F96}
		{5F0C8D0D-5A9B-4831-B60D-B7AEA5FB4FD2} = {F2CA40C4-1D49-48F1-9C92-D3358D915F96}
		{26383458-CD7E-46C5-BE8D-7137A7897E8B} = {F2CA40C4-1D49-48F1-9C92-D3358D915F96}
		{0B9503BE-56A2-40BC-8F91-FAC28D9D8AE9} = {F2CA40C4-1D49-48F1-9C92-D3358D915F96}
		{2CCF41A4-3A77-4ABB-84E9-3E0BE797393C} = {F2CA40C4-1D49-48F1-9C92-D3358D915F96}
	EndGlobalSection
EndGlobal
