
Microsoft Visual Studio Solution File, Format Version 12.00
# Visual Studio 15
VisualStudioVersion = 15.0.28010.2041
MinimumVisualStudioVersion = 10.0.40219.1
Project("{FAE04EC0-301F-11D3-BF4B-00C04F79EFBC}") = "OdeToFood2", "OdeToFood2\OdeToFood2.csproj", "{96AB1EA6-232A-4CCD-B468-6BB68B0C5163}"
EndProject
Global
	GlobalSection(SolutionConfigurationPlatforms) = preSolution
		Debug|Any CPU = Debug|Any CPU
		Release|Any CPU = Release|Any CPU
	EndGlobalSection
	GlobalSection(ProjectConfigurationPlatforms) = postSolution
		{96AB1EA6-232A-4CCD-B468-6BB68B0C5163}.Debug|Any CPU.ActiveCfg = Debug|Any CPU
		{96AB1EA6-232A-4CCD-B468-6BB68B0C5163}.Debug|Any CPU.Build.0 = Debug|Any CPU
		{96AB1EA6-232A-4CCD-B468-6BB68B0C5163}.Release|Any CPU.ActiveCfg = Release|Any CPU
		{96AB1EA6-232A-4CCD-B468-6BB68B0C5163}.Release|Any CPU.Build.0 = Release|Any CPU
	EndGlobalSection
	GlobalSection(SolutionProperties) = preSolution
		HideSolutionNode = FALSE
	EndGlobalSection
	GlobalSection(ExtensibilityGlobals) = postSolution
		SolutionGuid = {CAE1C5D3-A50B-4EB3-B52C-2C504EC94230}
	EndGlobalSection
EndGlobal
