
Microsoft Visual Studio Solution File, Format Version 12.00
# Visual Studio Version 16
VisualStudioVersion = 16.0.29521.150
MinimumVisualStudioVersion = 10.0.40219.1
Project("{9A19103F-16F7-4668-BE54-9A1E7A4F7556}") = "BlazorBsp", "BlazorBsp\BlazorBsp.csproj", "{343EDC09-ADB8-4814-A030-EF23F18B91A8}"
EndProject
Project("{FAE04EC0-301F-11D3-BF4B-00C04F79EFBC}") = "BlazorBsp.Tests", "BlazorBsp.Tests\BlazorBsp.Tests.csproj", "{AD7DBC8C-1C1A-43B0-B905-0DE008E07D17}"
EndProject
Global
	GlobalSection(SolutionConfigurationPlatforms) = preSolution
		Debug|Any CPU = Debug|Any CPU
		Release|Any CPU = Release|Any CPU
	EndGlobalSection
	GlobalSection(ProjectConfigurationPlatforms) = postSolution
		{343EDC09-ADB8-4814-A030-EF23F18B91A8}.Debug|Any CPU.ActiveCfg = Debug|Any CPU
		{343EDC09-ADB8-4814-A030-EF23F18B91A8}.Debug|Any CPU.Build.0 = Debug|Any CPU
		{343EDC09-ADB8-4814-A030-EF23F18B91A8}.Release|Any CPU.ActiveCfg = Release|Any CPU
		{343EDC09-ADB8-4814-A030-EF23F18B91A8}.Release|Any CPU.Build.0 = Release|Any CPU
		{AD7DBC8C-1C1A-43B0-B905-0DE008E07D17}.Debug|Any CPU.ActiveCfg = Debug|Any CPU
		{AD7DBC8C-1C1A-43B0-B905-0DE008E07D17}.Debug|Any CPU.Build.0 = Debug|Any CPU
		{AD7DBC8C-1C1A-43B0-B905-0DE008E07D17}.Release|Any CPU.ActiveCfg = Release|Any CPU
		{AD7DBC8C-1C1A-43B0-B905-0DE008E07D17}.Release|Any CPU.Build.0 = Release|Any CPU
	EndGlobalSection
	GlobalSection(SolutionProperties) = preSolution
		HideSolutionNode = FALSE
	EndGlobalSection
	GlobalSection(ExtensibilityGlobals) = postSolution
		SolutionGuid = {815E8535-F56D-473F-AB74-BF5BE0C7BB8D}
	EndGlobalSection
EndGlobal
